{
    "version": 3,
    "terraform_version": "0.11.14",
    "serial": 5,
    "lineage": "85c2e827-0b15-b80e-1ea2-9aaeb10023f7",
    "modules": [
        {
            "path": [
                "root"
            ],
            "outputs": {},
            "resources": {
                "azurerm_managed_disk.test.0": {
                    "type": "azurerm_managed_disk",
                    "depends_on": [
                        "data.azurerm_resource_group.test"
                    ],
                    "primary": {
                        "id": "/subscriptions/dbd0e577-a0ff-42b1-83a1-91960c615cb9/resourceGroups/groupe-terrafome/providers/Microsoft.Compute/disks/datadisk_existing_0",
                        "attributes": {
                            "create_option": "Empty",
                            "disk_size_gb": "1023",
                            "id": "/subscriptions/dbd0e577-a0ff-42b1-83a1-91960c615cb9/resourceGroups/groupe-terrafome/providers/Microsoft.Compute/disks/datadisk_existing_0",
                            "location": "francecentral",
                            "name": "datadisk_existing_0",
                            "resource_group_name": "groupe-terrafome",
                            "storage_account_type": "Standard_LRS",
                            "tags.%": "0",
                            "zones.#": "0"
                        },
                        "meta": {},
                        "tainted": false
                    },
                    "deposed": [],
                    "provider": "provider.azurerm"
                },
                "azurerm_managed_disk.test.1": {
                    "type": "azurerm_managed_disk",
                    "depends_on": [
                        "data.azurerm_resource_group.test"
                    ],
                    "primary": {
                        "id": "/subscriptions/dbd0e577-a0ff-42b1-83a1-91960c615cb9/resourceGroups/groupe-terrafome/providers/Microsoft.Compute/disks/datadisk_existing_1",
                        "attributes": {
                            "create_option": "Empty",
                            "disk_size_gb": "1023",
                            "id": "/subscriptions/dbd0e577-a0ff-42b1-83a1-91960c615cb9/resourceGroups/groupe-terrafome/providers/Microsoft.Compute/disks/datadisk_existing_1",
                            "location": "francecentral",
                            "name": "datadisk_existing_1",
                            "resource_group_name": "groupe-terrafome",
                            "storage_account_type": "Standard_LRS",
                            "tags.%": "0",
                            "zones.#": "0"
                        },
                        "meta": {},
                        "tainted": false
                    },
                    "deposed": [],
                    "provider": "provider.azurerm"
                },
                "azurerm_managed_disk.test.2": {
                    "type": "azurerm_managed_disk",
                    "depends_on": [
                        "data.azurerm_resource_group.test"
                    ],
                    "primary": {
                        "id": "/subscriptions/dbd0e577-a0ff-42b1-83a1-91960c615cb9/resourceGroups/groupe-terrafome/providers/Microsoft.Compute/disks/datadisk_existing_2",
                        "attributes": {
                            "create_option": "Empty",
                            "disk_size_gb": "1023",
                            "id": "/subscriptions/dbd0e577-a0ff-42b1-83a1-91960c615cb9/resourceGroups/groupe-terrafome/providers/Microsoft.Compute/disks/datadisk_existing_2",
                            "location": "francecentral",
                            "name": "datadisk_existing_2",
                            "resource_group_name": "groupe-terrafome",
                            "storage_account_type": "Standard_LRS",
                            "tags.%": "0",
                            "zones.#": "0"
                        },
                        "meta": {},
                        "tainted": false
                    },
                    "deposed": [],
                    "provider": "provider.azurerm"
                },
                "azurerm_network_interface.test.0": {
                    "type": "azurerm_network_interface",
                    "depends_on": [
                        "data.azurerm_resource_group.test",
                        "data.azurerm_subnet.test"
                    ],
                    "primary": {
                        "id": "/subscriptions/dbd0e577-a0ff-42b1-83a1-91960c615cb9/resourceGroups/groupe-terrafome/providers/Microsoft.Network/networkInterfaces/acctni0",
                        "attributes": {
                            "applied_dns_servers.#": "0",
                            "dns_servers.#": "0",
                            "enable_accelerated_networking": "false",
                            "enable_ip_forwarding": "false",
                            "id": "/subscriptions/dbd0e577-a0ff-42b1-83a1-91960c615cb9/resourceGroups/groupe-terrafome/providers/Microsoft.Network/networkInterfaces/acctni0",
                            "internal_dns_name_label": "",
                            "internal_fqdn": "",
                            "ip_configuration.#": "1",
                            "ip_configuration.0.application_gateway_backend_address_pools_ids.#": "0",
                            "ip_configuration.0.application_security_group_ids.#": "0",
                            "ip_configuration.0.load_balancer_backend_address_pools_ids.#": "0",
                            "ip_configuration.0.load_balancer_inbound_nat_rules_ids.#": "0",
                            "ip_configuration.0.name": "ip_conf0",
                            "ip_configuration.0.primary": "true",
                            "ip_configuration.0.private_ip_address": "",
                            "ip_configuration.0.private_ip_address_allocation": "dynamic",
                            "ip_configuration.0.private_ip_address_version": "IPv4",
                            "ip_configuration.0.public_ip_address_id": "",
                            "ip_configuration.0.subnet_id": "/subscriptions/dbd0e577-a0ff-42b1-83a1-91960c615cb9/resourceGroups/groupe-terrafome/providers/Microsoft.Network/virtualNetworks/vent-ter/subnets/subnet-ter",
                            "location": "francecentral",
                            "mac_address": "",
                            "name": "acctni0",
                            "network_security_group_id": "",
                            "private_ip_address": "10.1.0.7",
                            "private_ip_addresses.#": "1",
                            "private_ip_addresses.0": "10.1.0.7",
                            "resource_group_name": "groupe-terrafome",
                            "tags.%": "0"
                        },
                        "meta": {},
                        "tainted": false
                    },
                    "deposed": [],
                    "provider": "provider.azurerm"
                },
                "azurerm_network_interface.test.1": {
                    "type": "azurerm_network_interface",
                    "depends_on": [
                        "data.azurerm_resource_group.test",
                        "data.azurerm_subnet.test"
                    ],
                    "primary": {
                        "id": "/subscriptions/dbd0e577-a0ff-42b1-83a1-91960c615cb9/resourceGroups/groupe-terrafome/providers/Microsoft.Network/networkInterfaces/acctni1",
                        "attributes": {
                            "applied_dns_servers.#": "0",
                            "dns_servers.#": "0",
                            "enable_accelerated_networking": "false",
                            "enable_ip_forwarding": "false",
                            "id": "/subscriptions/dbd0e577-a0ff-42b1-83a1-91960c615cb9/resourceGroups/groupe-terrafome/providers/Microsoft.Network/networkInterfaces/acctni1",
                            "internal_dns_name_label": "",
                            "internal_fqdn": "",
                            "ip_configuration.#": "1",
                            "ip_configuration.0.application_gateway_backend_address_pools_ids.#": "0",
                            "ip_configuration.0.application_security_group_ids.#": "0",
                            "ip_configuration.0.load_balancer_backend_address_pools_ids.#": "0",
                            "ip_configuration.0.load_balancer_inbound_nat_rules_ids.#": "0",
                            "ip_configuration.0.name": "ip_conf1",
                            "ip_configuration.0.primary": "true",
                            "ip_configuration.0.private_ip_address": "",
                            "ip_configuration.0.private_ip_address_allocation": "dynamic",
                            "ip_configuration.0.private_ip_address_version": "IPv4",
                            "ip_configuration.0.public_ip_address_id": "",
                            "ip_configuration.0.subnet_id": "/subscriptions/dbd0e577-a0ff-42b1-83a1-91960c615cb9/resourceGroups/groupe-terrafome/providers/Microsoft.Network/virtualNetworks/vent-ter/subnets/subnet-ter",
                            "location": "francecentral",
                            "mac_address": "",
                            "name": "acctni1",
                            "network_security_group_id": "",
                            "private_ip_address": "10.1.0.6",
                            "private_ip_addresses.#": "1",
                            "private_ip_addresses.0": "10.1.0.6",
                            "resource_group_name": "groupe-terrafome",
                            "tags.%": "0"
                        },
                        "meta": {},
                        "tainted": false
                    },
                    "deposed": [],
                    "provider": "provider.azurerm"
                },
                "azurerm_network_interface.test.2": {
                    "type": "azurerm_network_interface",
                    "depends_on": [
                        "data.azurerm_resource_group.test",
                        "data.azurerm_subnet.test"
                    ],
                    "primary": {
                        "id": "/subscriptions/dbd0e577-a0ff-42b1-83a1-91960c615cb9/resourceGroups/groupe-terrafome/providers/Microsoft.Network/networkInterfaces/acctni2",
                        "attributes": {
                            "applied_dns_servers.#": "0",
                            "dns_servers.#": "0",
                            "enable_accelerated_networking": "false",
                            "enable_ip_forwarding": "false",
                            "id": "/subscriptions/dbd0e577-a0ff-42b1-83a1-91960c615cb9/resourceGroups/groupe-terrafome/providers/Microsoft.Network/networkInterfaces/acctni2",
                            "internal_dns_name_label": "",
                            "internal_fqdn": "",
                            "ip_configuration.#": "1",
                            "ip_configuration.0.application_gateway_backend_address_pools_ids.#": "0",
                            "ip_configuration.0.application_security_group_ids.#": "0",
                            "ip_configuration.0.load_balancer_backend_address_pools_ids.#": "0",
                            "ip_configuration.0.load_balancer_inbound_nat_rules_ids.#": "0",
                            "ip_configuration.0.name": "ip_conf2",
                            "ip_configuration.0.primary": "true",
                            "ip_configuration.0.private_ip_address": "",
                            "ip_configuration.0.private_ip_address_allocation": "dynamic",
                            "ip_configuration.0.private_ip_address_version": "IPv4",
                            "ip_configuration.0.public_ip_address_id": "",
                            "ip_configuration.0.subnet_id": "/subscriptions/dbd0e577-a0ff-42b1-83a1-91960c615cb9/resourceGroups/groupe-terrafome/providers/Microsoft.Network/virtualNetworks/vent-ter/subnets/subnet-ter",
                            "location": "francecentral",
                            "mac_address": "",
                            "name": "acctni2",
                            "network_security_group_id": "",
                            "private_ip_address": "10.1.0.8",
                            "private_ip_addresses.#": "1",
                            "private_ip_addresses.0": "10.1.0.8",
                            "resource_group_name": "groupe-terrafome",
                            "tags.%": "0"
                        },
                        "meta": {},
                        "tainted": false
                    },
                    "deposed": [],
                    "provider": "provider.azurerm"
                },
                "azurerm_public_ip.test.0": {
                    "type": "azurerm_public_ip",
                    "depends_on": [
                        "data.azurerm_resource_group.test"
                    ],
                    "primary": {
                        "id": "/subscriptions/dbd0e577-a0ff-42b1-83a1-91960c615cb9/resourceGroups/groupe-terrafome/providers/Microsoft.Network/publicIPAddresses/ip0",
                        "attributes": {
                            "allocation_method": "Static",
                            "id": "/subscriptions/dbd0e577-a0ff-42b1-83a1-91960c615cb9/resourceGroups/groupe-terrafome/providers/Microsoft.Network/publicIPAddresses/ip0",
                            "idle_timeout_in_minutes": "4",
                            "ip_address": "40.89.163.207",
                            "ip_version": "IPv4",
                            "location": "francecentral",
                            "name": "ip0",
                            "public_ip_address_allocation": "Static",
                            "resource_group_name": "groupe-terrafome",
                            "sku": "Basic",
                            "tags.%": "0",
                            "zones.#": "0"
                        },
                        "meta": {},
                        "tainted": false
                    },
                    "deposed": [],
                    "provider": "provider.azurerm"
                },
                "azurerm_public_ip.test.1": {
                    "type": "azurerm_public_ip",
                    "depends_on": [
                        "data.azurerm_resource_group.test"
                    ],
                    "primary": {
                        "id": "/subscriptions/dbd0e577-a0ff-42b1-83a1-91960c615cb9/resourceGroups/groupe-terrafome/providers/Microsoft.Network/publicIPAddresses/ip1",
                        "attributes": {
                            "allocation_method": "Static",
                            "id": "/subscriptions/dbd0e577-a0ff-42b1-83a1-91960c615cb9/resourceGroups/groupe-terrafome/providers/Microsoft.Network/publicIPAddresses/ip1",
                            "idle_timeout_in_minutes": "4",
                            "ip_address": "40.89.163.201",
                            "ip_version": "IPv4",
                            "location": "francecentral",
                            "name": "ip1",
                            "public_ip_address_allocation": "Static",
                            "resource_group_name": "groupe-terrafome",
                            "sku": "Basic",
                            "tags.%": "0",
                            "zones.#": "0"
                        },
                        "meta": {},
                        "tainted": false
                    },
                    "deposed": [],
                    "provider": "provider.azurerm"
                },
                "azurerm_public_ip.test.2": {
                    "type": "azurerm_public_ip",
                    "depends_on": [
                        "data.azurerm_resource_group.test"
                    ],
                    "primary": {
                        "id": "/subscriptions/dbd0e577-a0ff-42b1-83a1-91960c615cb9/resourceGroups/groupe-terrafome/providers/Microsoft.Network/publicIPAddresses/ip2",
                        "attributes": {
                            "allocation_method": "Static",
                            "id": "/subscriptions/dbd0e577-a0ff-42b1-83a1-91960c615cb9/resourceGroups/groupe-terrafome/providers/Microsoft.Network/publicIPAddresses/ip2",
                            "idle_timeout_in_minutes": "4",
                            "ip_address": "40.89.163.203",
                            "ip_version": "IPv4",
                            "location": "francecentral",
                            "name": "ip2",
                            "public_ip_address_allocation": "Static",
                            "resource_group_name": "groupe-terrafome",
                            "sku": "Basic",
                            "tags.%": "0",
                            "zones.#": "0"
                        },
                        "meta": {},
                        "tainted": false
                    },
                    "deposed": [],
                    "provider": "provider.azurerm"
                },
                "data.azurerm_resource_group.test": {
                    "type": "azurerm_resource_group",
                    "depends_on": [],
                    "primary": {
                        "id": "/subscriptions/dbd0e577-a0ff-42b1-83a1-91960c615cb9/resourceGroups/groupe-terrafome",
                        "attributes": {
                            "id": "/subscriptions/dbd0e577-a0ff-42b1-83a1-91960c615cb9/resourceGroups/groupe-terrafome",
                            "location": "francecentral",
                            "name": "groupe-terrafome",
                            "tags.%": "0"
                        },
                        "meta": {},
                        "tainted": false
                    },
                    "deposed": [],
                    "provider": "provider.azurerm"
                },
                "data.azurerm_subnet.test": {
                    "type": "azurerm_subnet",
                    "depends_on": [],
                    "primary": {
                        "id": "/subscriptions/dbd0e577-a0ff-42b1-83a1-91960c615cb9/resourceGroups/groupe-terrafome/providers/Microsoft.Network/virtualNetworks/vent-ter/subnets/subnet-ter",
                        "attributes": {
                            "address_prefix": "10.1.0.0/24",
                            "id": "/subscriptions/dbd0e577-a0ff-42b1-83a1-91960c615cb9/resourceGroups/groupe-terrafome/providers/Microsoft.Network/virtualNetworks/vent-ter/subnets/subnet-ter",
                            "ip_configurations.#": "2",
                            "ip_configurations.3356522772": "/subscriptions/dbd0e577-a0ff-42b1-83a1-91960c615cb9/resourceGroups/groupe-terrafome/providers/Microsoft.Network/networkInterfaces/vm-terraform460/ipConfigurations/ipconfig1",
                            "ip_configurations.4211233161": "/subscriptions/dbd0e577-a0ff-42b1-83a1-91960c615cb9/resourceGroups/groupe-terrafome/providers/Microsoft.Network/networkInterfaces/vm-ter645/ipConfigurations/ipconfig1",
                            "name": "subnet-ter",
                            "network_security_group_id": "",
                            "resource_group_name": "groupe-terrafome",
                            "route_table_id": "",
                            "service_endpoints.#": "0",
                            "virtual_network_name": "vent-ter"
                        },
                        "meta": {},
                        "tainted": false
                    },
                    "deposed": [],
                    "provider": "provider.azurerm"
                },
                "data.azurerm_virtual_network.test": {
                    "type": "azurerm_virtual_network",
                    "depends_on": [],
                    "primary": {
                        "id": "/subscriptions/dbd0e577-a0ff-42b1-83a1-91960c615cb9/resourceGroups/groupe-terrafome/providers/Microsoft.Network/virtualNetworks/vent-ter",
                        "attributes": {
                            "address_spaces.#": "1",
                            "address_spaces.0": "10.1.0.0/16",
                            "id": "/subscriptions/dbd0e577-a0ff-42b1-83a1-91960c615cb9/resourceGroups/groupe-terrafome/providers/Microsoft.Network/virtualNetworks/vent-ter",
                            "name": "vent-ter",
                            "resource_group_name": "groupe-terrafome",
                            "subnets.#": "1",
                            "subnets.0": "subnet-ter",
                            "vnet_peerings.%": "0"
                        },
                        "meta": {},
                        "tainted": false
                    },
                    "deposed": [],
                    "provider": "provider.azurerm"
                }
            },
            "depends_on": []
        }
    ]
}
